
Microsoft Visual Studio Solution File, Format Version 12.00
# Visual Studio Version 16
VisualStudioVersion = 16.0.30114.105
MinimumVisualStudioVersion = 10.0.40219.1
Project("{2150E333-8FDC-42A3-9474-1A3956D46DE8}") = "src", "src", "{C66D494E-9871-48AE-A9B9-E4CB458CDE43}"
EndProject
Project("{FAE04EC0-301F-11D3-BF4B-00C04F79EFBC}") = "Sdk.Core", "src\Sdk.Core\Sdk.Core.csproj", "{26188F20-90EF-4100-A042-5F1AD067DC8D}"
EndProject
Project("{FAE04EC0-301F-11D3-BF4B-00C04F79EFBC}") = "Sdk.Generator", "src\Sdk.Generator\Sdk.Generator.csproj", "{08B12ADD-A77E-4F2D-9860-AE562F088705}"
EndProject
Project("{FAE04EC0-301F-11D3-BF4B-00C04F79EFBC}") = "Tests", "tests\Tests.csproj", "{2A87AA1D-7761-4B04-90BE-B26D7EED03D2}"
EndProject
Project("{FAE04EC0-301F-11D3-BF4B-00C04F79EFBC}") = "Sdk", "src\Sdk\Sdk.csproj", "{4D3ED6FD-492A-4F1C-B3F6-73CD4FC23C4A}"
EndProject
Global
	GlobalSection(SolutionConfigurationPlatforms) = preSolution
		Debug|Any CPU = Debug|Any CPU
		Debug|x64 = Debug|x64
		Debug|x86 = Debug|x86
		Release|Any CPU = Release|Any CPU
		Release|x64 = Release|x64
		Release|x86 = Release|x86
	EndGlobalSection
	GlobalSection(SolutionProperties) = preSolution
		HideSolutionNode = FALSE
	EndGlobalSection
	GlobalSection(ProjectConfigurationPlatforms) = postSolution
		{26188F20-90EF-4100-A042-5F1AD067DC8D}.Debug|Any CPU.ActiveCfg = Debug|Any CPU
		{26188F20-90EF-4100-A042-5F1AD067DC8D}.Debug|Any CPU.Build.0 = Debug|Any CPU
		{26188F20-90EF-4100-A042-5F1AD067DC8D}.Debug|x64.ActiveCfg = Debug|Any CPU
		{26188F20-90EF-4100-A042-5F1AD067DC8D}.Debug|x64.Build.0 = Debug|Any CPU
		{26188F20-90EF-4100-A042-5F1AD067DC8D}.Debug|x86.ActiveCfg = Debug|Any CPU
		{26188F20-90EF-4100-A042-5F1AD067DC8D}.Debug|x86.Build.0 = Debug|Any CPU
		{26188F20-90EF-4100-A042-5F1AD067DC8D}.Release|Any CPU.ActiveCfg = Release|Any CPU
		{26188F20-90EF-4100-A042-5F1AD067DC8D}.Release|Any CPU.Build.0 = Release|Any CPU
		{26188F20-90EF-4100-A042-5F1AD067DC8D}.Release|x64.ActiveCfg = Release|Any CPU
		{26188F20-90EF-4100-A042-5F1AD067DC8D}.Release|x64.Build.0 = Release|Any CPU
		{26188F20-90EF-4100-A042-5F1AD067DC8D}.Release|x86.ActiveCfg = Release|Any CPU
		{26188F20-90EF-4100-A042-5F1AD067DC8D}.Release|x86.Build.0 = Release|Any CPU
		{08B12ADD-A77E-4F2D-9860-AE562F088705}.Debug|Any CPU.ActiveCfg = Debug|Any CPU
		{08B12ADD-A77E-4F2D-9860-AE562F088705}.Debug|Any CPU.Build.0 = Debug|Any CPU
		{08B12ADD-A77E-4F2D-9860-AE562F088705}.Debug|x64.ActiveCfg = Debug|Any CPU
		{08B12ADD-A77E-4F2D-9860-AE562F088705}.Debug|x64.Build.0 = Debug|Any CPU
		{08B12ADD-A77E-4F2D-9860-AE562F088705}.Debug|x86.ActiveCfg = Debug|Any CPU
		{08B12ADD-A77E-4F2D-9860-AE562F088705}.Debug|x86.Build.0 = Debug|Any CPU
		{08B12ADD-A77E-4F2D-9860-AE562F088705}.Release|Any CPU.ActiveCfg = Release|Any CPU
		{08B12ADD-A77E-4F2D-9860-AE562F088705}.Release|Any CPU.Build.0 = Release|Any CPU
		{08B12ADD-A77E-4F2D-9860-AE562F088705}.Release|x64.ActiveCfg = Release|Any CPU
		{08B12ADD-A77E-4F2D-9860-AE562F088705}.Release|x64.Build.0 = Release|Any CPU
		{08B12ADD-A77E-4F2D-9860-AE562F088705}.Release|x86.ActiveCfg = Release|Any CPU
		{08B12ADD-A77E-4F2D-9860-AE562F088705}.Release|x86.Build.0 = Release|Any CPU
		{2A87AA1D-7761-4B04-90BE-B26D7EED03D2}.Debug|Any CPU.ActiveCfg = Debug|Any CPU
		{2A87AA1D-7761-4B04-90BE-B26D7EED03D2}.Debug|Any CPU.Build.0 = Debug|Any CPU
		{2A87AA1D-7761-4B04-90BE-B26D7EED03D2}.Debug|x64.ActiveCfg = Debug|Any CPU
		{2A87AA1D-7761-4B04-90BE-B26D7EED03D2}.Debug|x64.Build.0 = Debug|Any CPU
		{2A87AA1D-7761-4B04-90BE-B26D7EED03D2}.Debug|x86.ActiveCfg = Debug|Any CPU
		{2A87AA1D-7761-4B04-90BE-B26D7EED03D2}.Debug|x86.Build.0 = Debug|Any CPU
		{2A87AA1D-7761-4B04-90BE-B26D7EED03D2}.Release|Any CPU.ActiveCfg = Release|Any CPU
		{2A87AA1D-7761-4B04-90BE-B26D7EED03D2}.Release|Any CPU.Build.0 = Release|Any CPU
		{2A87AA1D-7761-4B04-90BE-B26D7EED03D2}.Release|x64.ActiveCfg = Release|Any CPU
		{2A87AA1D-7761-4B04-90BE-B26D7EED03D2}.Release|x64.Build.0 = Release|Any CPU
		{2A87AA1D-7761-4B04-90BE-B26D7EED03D2}.Release|x86.ActiveCfg = Release|Any CPU
		{2A87AA1D-7761-4B04-90BE-B26D7EED03D2}.Release|x86.Build.0 = Release|Any CPU
		{4D3ED6FD-492A-4F1C-B3F6-73CD4FC23C4A}.Debug|Any CPU.ActiveCfg = Debug|Any CPU
		{4D3ED6FD-492A-4F1C-B3F6-73CD4FC23C4A}.Debug|Any CPU.Build.0 = Debug|Any CPU
		{4D3ED6FD-492A-4F1C-B3F6-73CD4FC23C4A}.Debug|x64.ActiveCfg = Debug|Any CPU
		{4D3ED6FD-492A-4F1C-B3F6-73CD4FC23C4A}.Debug|x64.Build.0 = Debug|Any CPU
		{4D3ED6FD-492A-4F1C-B3F6-73CD4FC23C4A}.Debug|x86.ActiveCfg = Debug|Any CPU
		{4D3ED6FD-492A-4F1C-B3F6-73CD4FC23C4A}.Debug|x86.Build.0 = Debug|Any CPU
		{4D3ED6FD-492A-4F1C-B3F6-73CD4FC23C4A}.Release|Any CPU.ActiveCfg = Release|Any CPU
		{4D3ED6FD-492A-4F1C-B3F6-73CD4FC23C4A}.Release|Any CPU.Build.0 = Release|Any CPU
		{4D3ED6FD-492A-4F1C-B3F6-73CD4FC23C4A}.Release|x64.ActiveCfg = Release|Any CPU
		{4D3ED6FD-492A-4F1C-B3F6-73CD4FC23C4A}.Release|x64.Build.0 = Release|Any CPU
		{4D3ED6FD-492A-4F1C-B3F6-73CD4FC23C4A}.Release|x86.ActiveCfg = Release|Any CPU
		{4D3ED6FD-492A-4F1C-B3F6-73CD4FC23C4A}.Release|x86.Build.0 = Release|Any CPU
	EndGlobalSection
	GlobalSection(NestedProjects) = preSolution
		{26188F20-90EF-4100-A042-5F1AD067DC8D} = {C66D494E-9871-48AE-A9B9-E4CB458CDE43}
		{08B12ADD-A77E-4F2D-9860-AE562F088705} = {C66D494E-9871-48AE-A9B9-E4CB458CDE43}
		{4D3ED6FD-492A-4F1C-B3F6-73CD4FC23C4A} = {C66D494E-9871-48AE-A9B9-E4CB458CDE43}
	EndGlobalSection
EndGlobal
